
Microsoft Visual Studio Solution File, Format Version 12.00
# Visual Studio Version 17
VisualStudioVersion = 17.7.34202.233
MinimumVisualStudioVersion = 10.0.40219.1
Project("{FAE04EC0-301F-11D3-BF4B-00C04F79EFBC}") = "WebApp", "WebApp\WebApp.csproj", "{50DE5514-DEE0-4309-911D-163C6E9B6B03}"
EndProject
Global
	GlobalSection(SolutionConfigurationPlatforms) = preSolution
		Debug|Any CPU = Debug|Any CPU
		Release|Any CPU = Release|Any CPU
	EndGlobalSection
	GlobalSection(ProjectConfigurationPlatforms) = postSolution
		{50DE5514-DEE0-4309-911D-163C6E9B6B03}.Debug|Any CPU.ActiveCfg = Debug|Any CPU
		{50DE5514-DEE0-4309-911D-163C6E9B6B03}.Debug|Any CPU.Build.0 = Debug|Any CPU
		{50DE5514-DEE0-4309-911D-163C6E9B6B03}.Release|Any CPU.ActiveCfg = Release|Any CPU
		{50DE5514-DEE0-4309-911D-163C6E9B6B03}.Release|Any CPU.Build.0 = Release|Any CPU
	EndGlobalSection
	GlobalSection(SolutionProperties) = preSolution
		HideSolutionNode = FALSE
	EndGlobalSection
	GlobalSection(ExtensibilityGlobals) = postSolution
		SolutionGuid = {EC5BD83E-60D9-4E6D-9A79-20966AF7B1F4}
	EndGlobalSection
EndGlobal
